
Microsoft Visual Studio Solution File, Format Version 12.00
Project("{FAE04EC0-301F-11D3-BF4B-00C04F79EFBC}") = "TuneAsSharp", "TuneAsSharp.csproj", "{91E2DCDB-4C07-4093-A4B9-6F3F2AC59F81}"
EndProject
Project("{FAE04EC0-301F-11D3-BF4B-00C04F79EFBC}") = "TweakableValues", "TweakableValues\TweakableValues.csproj", "{5C98359B-2ED7-4246-B3F7-41723B8031E8}"
EndProject
Project("{FAE04EC0-301F-11D3-BF4B-00C04F79EFBC}") = "TweakableFunctions", "TweakableFunctions\TweakableFunctions.csproj", "{A4B2E6BE-218B-499D-91F9-0358FD41BD20}"
EndProject
Global
	GlobalSection(SolutionConfigurationPlatforms) = preSolution
		Debug|Any CPU = Debug|Any CPU
		Release|Any CPU = Release|Any CPU
	EndGlobalSection
	GlobalSection(ProjectConfigurationPlatforms) = postSolution
		{91E2DCDB-4C07-4093-A4B9-6F3F2AC59F81}.Debug|Any CPU.ActiveCfg = Debug|Any CPU
		{91E2DCDB-4C07-4093-A4B9-6F3F2AC59F81}.Debug|Any CPU.Build.0 = Debug|Any CPU
		{91E2DCDB-4C07-4093-A4B9-6F3F2AC59F81}.Release|Any CPU.ActiveCfg = Release|Any CPU
		{91E2DCDB-4C07-4093-A4B9-6F3F2AC59F81}.Release|Any CPU.Build.0 = Release|Any CPU
		{5C98359B-2ED7-4246-B3F7-41723B8031E8}.Debug|Any CPU.ActiveCfg = Debug|Any CPU
		{5C98359B-2ED7-4246-B3F7-41723B8031E8}.Debug|Any CPU.Build.0 = Debug|Any CPU
		{5C98359B-2ED7-4246-B3F7-41723B8031E8}.Release|Any CPU.ActiveCfg = Release|Any CPU
		{5C98359B-2ED7-4246-B3F7-41723B8031E8}.Release|Any CPU.Build.0 = Release|Any CPU
		{A4B2E6BE-218B-499D-91F9-0358FD41BD20}.Debug|Any CPU.ActiveCfg = Debug|Any CPU
		{A4B2E6BE-218B-499D-91F9-0358FD41BD20}.Debug|Any CPU.Build.0 = Debug|Any CPU
		{A4B2E6BE-218B-499D-91F9-0358FD41BD20}.Release|Any CPU.ActiveCfg = Release|Any CPU
		{A4B2E6BE-218B-499D-91F9-0358FD41BD20}.Release|Any CPU.Build.0 = Release|Any CPU
	EndGlobalSection
EndGlobal
